<Solution>
  <Folder Name="/src/" />
  <Folder Name="/src/API/">
    <Project Path="src/API/ITI.ERP.Api/ITI.ERP.Api.csproj" />
  </Folder>
  <Folder Name="/src/Application/">
    <Project Path="src/Application/ITI.ERP.Application/ITI.ERP.Application.csproj" />
  </Folder>
  <Folder Name="/src/Domain/">
    <Project Path="src/Domain/ITI.ERP.Domain/ITI.ERP.Domain.csproj" />
  </Folder>
  <Folder Name="/src/Infrastructure/">
    <Project Path="src/Infrastructure/ITI.ERP.Infrastructure/ITI.ERP.Infrastructure.csproj" />
  </Folder>
  <Folder Name="/src/Shared/">
    <Project Path="src/Shared/ITI.ERP.Shared/ITI.ERP.Shared.csproj" />
  </Folder>
  <Folder Name="/tests/">
    <Project Path="tests/ITI.ERP.Api.Tests/ITI.ERP.Api.Tests.csproj" />
    <Project Path="tests/ITI.ERP.Application.Tests/ITI.ERP.Application.Tests.csproj" />
    <Project Path="tests/ITI.ERP.Domain.Tests/ITI.ERP.Domain.Tests.csproj" />
    <Project Path="tests/ITI.ERP.Infrastructure.Tests/ITI.ERP.Infrastructure.Tests.csproj" />
  </Folder>
</Solution>
